
Microsoft Visual Studio Solution File, Format Version 12.00
# Visual Studio Version 17
VisualStudioVersion = 17.3.32825.248
MinimumVisualStudioVersion = 10.0.40219.1
Project("{FAE04EC0-301F-11D3-BF4B-00C04F79EFBC}") = "OfficeManagementSystem", "OfficeManagementSystem.csproj", "{0D2C674C-C24B-45DC-B72B-3314EE62E6DF}"
EndProject
Global
	GlobalSection(SolutionConfigurationPlatforms) = preSolution
		Debug|Any CPU = Debug|Any CPU
		Release|Any CPU = Release|Any CPU
	EndGlobalSection
	GlobalSection(ProjectConfigurationPlatforms) = postSolution
		{0D2C674C-C24B-45DC-B72B-3314EE62E6DF}.Debug|Any CPU.ActiveCfg = Debug|Any CPU
		{0D2C674C-C24B-45DC-B72B-3314EE62E6DF}.Debug|Any CPU.Build.0 = Debug|Any CPU
		{0D2C674C-C24B-45DC-B72B-3314EE62E6DF}.Release|Any CPU.ActiveCfg = Release|Any CPU
		{0D2C674C-C24B-45DC-B72B-3314EE62E6DF}.Release|Any CPU.Build.0 = Release|Any CPU
	EndGlobalSection
	GlobalSection(SolutionProperties) = preSolution
		HideSolutionNode = FALSE
	EndGlobalSection
	GlobalSection(ExtensibilityGlobals) = postSolution
		SolutionGuid = {0475C7C2-5AFB-48E0-B206-2466C93A5D88}
	EndGlobalSection
EndGlobal
