
Microsoft Visual Studio Solution File, Format Version 12.00
# Visual Studio Version 17
VisualStudioVersion = 17.3.32929.385
MinimumVisualStudioVersion = 10.0.40219.1
Project("{9A19103F-16F7-4668-BE54-9A1E7A4F7556}") = "ProjectManagementSystem", "ProjectManagementSystem.csproj", "{A7BE47AA-CFA0-4882-B863-04780AD5328E}"
EndProject
Project("{FAE04EC0-301F-11D3-BF4B-00C04F79EFBC}") = "WinFormCRUD", "..\WinFormCRUD store procedures\WinFormCRUD\WinFormCRUD\WinFormCRUD.csproj", "{30DF505E-9012-41B9-B52F-80C06F720C9B}"
EndProject
Global
	GlobalSection(SolutionConfigurationPlatforms) = preSolution
		Debug|Any CPU = Debug|Any CPU
		Release|Any CPU = Release|Any CPU
	EndGlobalSection
	GlobalSection(ProjectConfigurationPlatforms) = postSolution
		{A7BE47AA-CFA0-4882-B863-04780AD5328E}.Debug|Any CPU.ActiveCfg = Debug|Any CPU
		{A7BE47AA-CFA0-4882-B863-04780AD5328E}.Debug|Any CPU.Build.0 = Debug|Any CPU
		{A7BE47AA-CFA0-4882-B863-04780AD5328E}.Release|Any CPU.ActiveCfg = Release|Any CPU
		{A7BE47AA-CFA0-4882-B863-04780AD5328E}.Release|Any CPU.Build.0 = Release|Any CPU
		{30DF505E-9012-41B9-B52F-80C06F720C9B}.Debug|Any CPU.ActiveCfg = Debug|Any CPU
		{30DF505E-9012-41B9-B52F-80C06F720C9B}.Debug|Any CPU.Build.0 = Debug|Any CPU
		{30DF505E-9012-41B9-B52F-80C06F720C9B}.Release|Any CPU.ActiveCfg = Release|Any CPU
		{30DF505E-9012-41B9-B52F-80C06F720C9B}.Release|Any CPU.Build.0 = Release|Any CPU
	EndGlobalSection
	GlobalSection(SolutionProperties) = preSolution
		HideSolutionNode = FALSE
	EndGlobalSection
	GlobalSection(ExtensibilityGlobals) = postSolution
		SolutionGuid = {5439B555-DBC6-45FF-B1FF-8182B2F4A0F3}
	EndGlobalSection
EndGlobal
