
Microsoft Visual Studio Solution File, Format Version 12.00
# Visual Studio 15
VisualStudioVersion = 15.0.28307.645
MinimumVisualStudioVersion = 10.0.40219.1
Project("{FAE04EC0-301F-11D3-BF4B-00C04F79EFBC}") = "WinFormCRUD", "WinFormCRUD\WinFormCRUD.csproj", "{30DF505E-9012-41B9-B52F-80C06F720C9B}"
EndProject
Global
	GlobalSection(SolutionConfigurationPlatforms) = preSolution
		Debug|Any CPU = Debug|Any CPU
		Release|Any CPU = Release|Any CPU
	EndGlobalSection
	GlobalSection(ProjectConfigurationPlatforms) = postSolution
		{30DF505E-9012-41B9-B52F-80C06F720C9B}.Debug|Any CPU.ActiveCfg = Debug|Any CPU
		{30DF505E-9012-41B9-B52F-80C06F720C9B}.Debug|Any CPU.Build.0 = Debug|Any CPU
		{30DF505E-9012-41B9-B52F-80C06F720C9B}.Release|Any CPU.ActiveCfg = Release|Any CPU
		{30DF505E-9012-41B9-B52F-80C06F720C9B}.Release|Any CPU.Build.0 = Release|Any CPU
	EndGlobalSection
	GlobalSection(SolutionProperties) = preSolution
		HideSolutionNode = FALSE
	EndGlobalSection
	GlobalSection(ExtensibilityGlobals) = postSolution
		SolutionGuid = {D80DFD9D-F8C5-49BA-BD69-23BA592885E4}
	EndGlobalSection
EndGlobal
