
Microsoft Visual Studio Solution File, Format Version 12.00
# Visual Studio Version 17
VisualStudioVersion = 17.3.32901.215
MinimumVisualStudioVersion = 10.0.40219.1
Project("{FAE04EC0-301F-11D3-BF4B-00C04F79EFBC}") = "WinFormsApp2", "WinFormsApp2.csproj", "{ECA730D4-5178-4960-984C-C293BA2ADA0D}"
EndProject
Global
	GlobalSection(SolutionConfigurationPlatforms) = preSolution
		Debug|Any CPU = Debug|Any CPU
		Release|Any CPU = Release|Any CPU
	EndGlobalSection
	GlobalSection(ProjectConfigurationPlatforms) = postSolution
		{ECA730D4-5178-4960-984C-C293BA2ADA0D}.Debug|Any CPU.ActiveCfg = Debug|Any CPU
		{ECA730D4-5178-4960-984C-C293BA2ADA0D}.Debug|Any CPU.Build.0 = Debug|Any CPU
		{ECA730D4-5178-4960-984C-C293BA2ADA0D}.Release|Any CPU.ActiveCfg = Release|Any CPU
		{ECA730D4-5178-4960-984C-C293BA2ADA0D}.Release|Any CPU.Build.0 = Release|Any CPU
	EndGlobalSection
	GlobalSection(SolutionProperties) = preSolution
		HideSolutionNode = FALSE
	EndGlobalSection
	GlobalSection(ExtensibilityGlobals) = postSolution
		SolutionGuid = {6CE0CC03-018C-4F33-92A4-9CF1839EA1B7}
	EndGlobalSection
EndGlobal
