
Microsoft Visual Studio Solution File, Format Version 12.00
# Visual Studio Version 17
VisualStudioVersion = 17.3.32901.215
MinimumVisualStudioVersion = 10.0.40219.1
Project("{FAE04EC0-301F-11D3-BF4B-00C04F79EFBC}") = "XML_Form", "XML_Form.csproj", "{C767EC44-051C-4954-BE6D-DB3EA0443FD1}"
EndProject
Global
	GlobalSection(SolutionConfigurationPlatforms) = preSolution
		Debug|Any CPU = Debug|Any CPU
		Release|Any CPU = Release|Any CPU
	EndGlobalSection
	GlobalSection(ProjectConfigurationPlatforms) = postSolution
		{C767EC44-051C-4954-BE6D-DB3EA0443FD1}.Debug|Any CPU.ActiveCfg = Debug|Any CPU
		{C767EC44-051C-4954-BE6D-DB3EA0443FD1}.Debug|Any CPU.Build.0 = Debug|Any CPU
		{C767EC44-051C-4954-BE6D-DB3EA0443FD1}.Release|Any CPU.ActiveCfg = Release|Any CPU
		{C767EC44-051C-4954-BE6D-DB3EA0443FD1}.Release|Any CPU.Build.0 = Release|Any CPU
	EndGlobalSection
	GlobalSection(SolutionProperties) = preSolution
		HideSolutionNode = FALSE
	EndGlobalSection
	GlobalSection(ExtensibilityGlobals) = postSolution
		SolutionGuid = {576B5D43-8B28-48AD-BFA3-1EFA3AFA865F}
	EndGlobalSection
EndGlobal
