
Microsoft Visual Studio Solution File, Format Version 12.00
# Visual Studio Version 17
VisualStudioVersion = 17.3.32901.215
MinimumVisualStudioVersion = 10.0.40219.1
Project("{FAE04EC0-301F-11D3-BF4B-00C04F79EFBC}") = "WinFormsApp1", "WinFormsApp1.csproj", "{A5520E46-BD34-4976-8FA0-C13E85D25221}"
EndProject
Project("{9A19103F-16F7-4668-BE54-9A1E7A4F7556}") = "Project", "..\Project\Project.csproj", "{F6B14975-F915-4923-B20C-D42A3C2C8183}"
EndProject
Global
	GlobalSection(SolutionConfigurationPlatforms) = preSolution
		Debug|Any CPU = Debug|Any CPU
		Release|Any CPU = Release|Any CPU
	EndGlobalSection
	GlobalSection(ProjectConfigurationPlatforms) = postSolution
		{A5520E46-BD34-4976-8FA0-C13E85D25221}.Debug|Any CPU.ActiveCfg = Debug|Any CPU
		{A5520E46-BD34-4976-8FA0-C13E85D25221}.Debug|Any CPU.Build.0 = Debug|Any CPU
		{A5520E46-BD34-4976-8FA0-C13E85D25221}.Release|Any CPU.ActiveCfg = Release|Any CPU
		{A5520E46-BD34-4976-8FA0-C13E85D25221}.Release|Any CPU.Build.0 = Release|Any CPU
		{F6B14975-F915-4923-B20C-D42A3C2C8183}.Debug|Any CPU.ActiveCfg = Debug|Any CPU
		{F6B14975-F915-4923-B20C-D42A3C2C8183}.Debug|Any CPU.Build.0 = Debug|Any CPU
		{F6B14975-F915-4923-B20C-D42A3C2C8183}.Release|Any CPU.ActiveCfg = Release|Any CPU
		{F6B14975-F915-4923-B20C-D42A3C2C8183}.Release|Any CPU.Build.0 = Release|Any CPU
	EndGlobalSection
	GlobalSection(SolutionProperties) = preSolution
		HideSolutionNode = FALSE
	EndGlobalSection
	GlobalSection(ExtensibilityGlobals) = postSolution
		SolutionGuid = {D1A65A90-60B4-459B-A9B2-286CCC20DDFF}
	EndGlobalSection
EndGlobal
