
Microsoft Visual Studio Solution File, Format Version 12.00
# Visual Studio Version 17
VisualStudioVersion = 17.4.33213.308
MinimumVisualStudioVersion = 10.0.40219.1
Project("{FAE04EC0-301F-11D3-BF4B-00C04F79EFBC}") = "Scientific-Calculator", "scientific calculator\Scientific-Calculator.csproj", "{9491BA96-AF5D-4673-856C-422BBF5E5B4F}"
EndProject
Global
	GlobalSection(SolutionConfigurationPlatforms) = preSolution
		Debug|Any CPU = Debug|Any CPU
		Release|Any CPU = Release|Any CPU
	EndGlobalSection
	GlobalSection(ProjectConfigurationPlatforms) = postSolution
		{9491BA96-AF5D-4673-856C-422BBF5E5B4F}.Debug|Any CPU.ActiveCfg = Debug|Any CPU
		{9491BA96-AF5D-4673-856C-422BBF5E5B4F}.Debug|Any CPU.Build.0 = Debug|Any CPU
		{9491BA96-AF5D-4673-856C-422BBF5E5B4F}.Release|Any CPU.ActiveCfg = Release|Any CPU
		{9491BA96-AF5D-4673-856C-422BBF5E5B4F}.Release|Any CPU.Build.0 = Release|Any CPU
	EndGlobalSection
	GlobalSection(SolutionProperties) = preSolution
		HideSolutionNode = FALSE
	EndGlobalSection
	GlobalSection(ExtensibilityGlobals) = postSolution
		SolutionGuid = {875BB952-DC96-4B87-823A-896DC97A382D}
	EndGlobalSection
EndGlobal
