
Microsoft Visual Studio Solution File, Format Version 12.00
# Visual Studio Version 17
VisualStudioVersion = 17.2.32616.157
MinimumVisualStudioVersion = 10.0.40219.1
Project("{FAE04EC0-301F-11D3-BF4B-00C04F79EFBC}") = "Tic-Tac-Toe", "Tic-Tac-Toe\Tic-Tac-Toe.csproj", "{47FB8610-E907-4AAC-9C53-AC518ABAA04C}"
EndProject
Global
	GlobalSection(SolutionConfigurationPlatforms) = preSolution
		Debug|Any CPU = Debug|Any CPU
		Release|Any CPU = Release|Any CPU
	EndGlobalSection
	GlobalSection(ProjectConfigurationPlatforms) = postSolution
		{47FB8610-E907-4AAC-9C53-AC518ABAA04C}.Debug|Any CPU.ActiveCfg = Debug|Any CPU
		{47FB8610-E907-4AAC-9C53-AC518ABAA04C}.Debug|Any CPU.Build.0 = Debug|Any CPU
		{47FB8610-E907-4AAC-9C53-AC518ABAA04C}.Release|Any CPU.ActiveCfg = Release|Any CPU
		{47FB8610-E907-4AAC-9C53-AC518ABAA04C}.Release|Any CPU.Build.0 = Release|Any CPU
	EndGlobalSection
	GlobalSection(SolutionProperties) = preSolution
		HideSolutionNode = FALSE
	EndGlobalSection
	GlobalSection(ExtensibilityGlobals) = postSolution
		SolutionGuid = {F1BBB67D-7453-45A9-8B78-4C02D9746ED5}
	EndGlobalSection
EndGlobal
