
Microsoft Visual Studio Solution File, Format Version 12.00
# Visual Studio Version 17
VisualStudioVersion = 17.3.32929.385
MinimumVisualStudioVersion = 10.0.40219.1
Project("{FAE04EC0-301F-11D3-BF4B-00C04F79EFBC}") = "ManagementSystem", "ManagementSystem.csproj", "{E5355E9B-8855-41FF-925A-4CB410A04BB8}"
EndProject
Project("{FAE04EC0-301F-11D3-BF4B-00C04F79EFBC}") = "AppProps", "..\AppProps\AppProps.csproj", "{37DAE6A4-9A60-4BE6-9129-3C7639B87FA9}"
EndProject
Project("{FAE04EC0-301F-11D3-BF4B-00C04F79EFBC}") = "BusinessLogicLayer", "..\BusinessLogicLayer\BusinessLogicLayer.csproj", "{7359F850-711C-4C4D-AD3F-575B563D1D57}"
EndProject
Project("{FAE04EC0-301F-11D3-BF4B-00C04F79EFBC}") = "DataAccessLayer", "..\DataAccessLayer\DataAccessLayer.csproj", "{A20683CB-20C9-467C-8B0A-C29403A30DB3}"
EndProject
Global
	GlobalSection(SolutionConfigurationPlatforms) = preSolution
		Debug|Any CPU = Debug|Any CPU
		Release|Any CPU = Release|Any CPU
	EndGlobalSection
	GlobalSection(ProjectConfigurationPlatforms) = postSolution
		{E5355E9B-8855-41FF-925A-4CB410A04BB8}.Debug|Any CPU.ActiveCfg = Debug|Any CPU
		{E5355E9B-8855-41FF-925A-4CB410A04BB8}.Debug|Any CPU.Build.0 = Debug|Any CPU
		{E5355E9B-8855-41FF-925A-4CB410A04BB8}.Release|Any CPU.ActiveCfg = Release|Any CPU
		{E5355E9B-8855-41FF-925A-4CB410A04BB8}.Release|Any CPU.Build.0 = Release|Any CPU
		{37DAE6A4-9A60-4BE6-9129-3C7639B87FA9}.Debug|Any CPU.ActiveCfg = Debug|Any CPU
		{37DAE6A4-9A60-4BE6-9129-3C7639B87FA9}.Debug|Any CPU.Build.0 = Debug|Any CPU
		{37DAE6A4-9A60-4BE6-9129-3C7639B87FA9}.Release|Any CPU.ActiveCfg = Release|Any CPU
		{37DAE6A4-9A60-4BE6-9129-3C7639B87FA9}.Release|Any CPU.Build.0 = Release|Any CPU
		{7359F850-711C-4C4D-AD3F-575B563D1D57}.Debug|Any CPU.ActiveCfg = Debug|Any CPU
		{7359F850-711C-4C4D-AD3F-575B563D1D57}.Debug|Any CPU.Build.0 = Debug|Any CPU
		{7359F850-711C-4C4D-AD3F-575B563D1D57}.Release|Any CPU.ActiveCfg = Release|Any CPU
		{7359F850-711C-4C4D-AD3F-575B563D1D57}.Release|Any CPU.Build.0 = Release|Any CPU
		{A20683CB-20C9-467C-8B0A-C29403A30DB3}.Debug|Any CPU.ActiveCfg = Debug|Any CPU
		{A20683CB-20C9-467C-8B0A-C29403A30DB3}.Debug|Any CPU.Build.0 = Debug|Any CPU
		{A20683CB-20C9-467C-8B0A-C29403A30DB3}.Release|Any CPU.ActiveCfg = Release|Any CPU
		{A20683CB-20C9-467C-8B0A-C29403A30DB3}.Release|Any CPU.Build.0 = Release|Any CPU
	EndGlobalSection
	GlobalSection(SolutionProperties) = preSolution
		HideSolutionNode = FALSE
	EndGlobalSection
	GlobalSection(ExtensibilityGlobals) = postSolution
		SolutionGuid = {E31C8D11-4EF4-42D4-A7D5-7D4FD4B44666}
	EndGlobalSection
EndGlobal
